// !$*UTF8*$!
{
	archiveVersion = 1;
	classes = {
	};
	objectVersion = 46;
	objects = {

/* Begin PBXBuildFile section */
		85B2BC391EA48D7B00C0941B /* AppDelegate.swift in Sources */ = {isa = PBXBuildFile; fileRef = 85B2BC381EA48D7B00C0941B /* AppDelegate.swift */; };
		85B2BC3B1EA48D7B00C0941B /* ViewController.swift in Sources */ = {isa = PBXBuildFile; fileRef = 85B2BC3A1EA48D7B00C0941B /* ViewController.swift */; };
		85B2BC3E1EA48D7B00C0941B /* Main.storyboard in Resources */ = {isa = PBXBuildFile; fileRef = 85B2BC3C1EA48D7B00C0941B /* Main.storyboard */; };
		85B2BC401EA48D7B00C0941B /* Assets.xcassets in Resources */ = {isa = PBXBuildFile; fileRef = 85B2BC3F1EA48D7B00C0941B /* Assets.xcassets */; };
		85B2BC431EA48D7B00C0941B /* LaunchScreen.storyboard in Resources */ = {isa = PBXBuildFile; fileRef = 85B2BC411EA48D7B00C0941B /* LaunchScreen.storyboard */; };
		85B2BC4E1EA48D7B00C0941B /* TodayNewsTests.swift in Sources */ = {isa = PBXBuildFile; fileRef = 85B2BC4D1EA48D7B00C0941B /* TodayNewsTests.swift */; };
		85B2BC591EA48D7B00C0941B /* TodayNewsUITests.swift in Sources */ = {isa = PBXBuildFile; fileRef = 85B2BC581EA48D7B00C0941B /* TodayNewsUITests.swift */; };
/* End PBXBuildFile section */

/* Begin PBXContainerItemProxy section */
		85B2BC4A1EA48D7B00C0941B /* PBXContainerItemProxy */ = {
			isa = PBXContainerItemProxy;
			containerPortal = 85B2BC2D1EA48D7B00C0941B /* Project object */;
			proxyType = 1;
			remoteGlobalIDString = 85B2BC341EA48D7B00C0941B;
			remoteInfo = TodayNews;
		};
		85B2BC551EA48D7B00C0941B /* PBXContainerItemProxy */ = {
			isa = PBXContainerItemProxy;
			containerPortal = 85B2BC2D1EA48D7B00C0941B /* Project object */;
			proxyType = 1;
			remoteGlobalIDString = 85B2BC341EA48D7B00C0941B;
			remoteInfo = TodayNews;
		};
/* End PBXContainerItemProxy section */

/* Begin PBXFileReference section */
		85B2BC351EA48D7B00C0941B /* TodayNews.app */ = {isa = PBXFileReference; explicitFileType = wrapper.application; includeInIndex = 0; path = TodayNews.app; sourceTree = BUILT_PRODUCTS_DIR; };
		85B2BC381EA48D7B00C0941B /* AppDelegate.swift */ = {isa = PBXFileReference; lastKnownFileType = sourcecode.swift; path = AppDelegate.swift; sourceTree = "<group>"; };
		85B2BC3A1EA48D7B00C0941B /* ViewController.swift */ = {isa = PBXFileReference; lastKnownFileType = sourcecode.swift; path = ViewController.swift; sourceTree = "<group>"; };
		85B2BC3D1EA48D7B00C0941B /* Base */ = {isa = PBXFileReference; lastKnownFileType = file.storyboard; name = Base; path = Base.lproj/Main.storyboard; sourceTree = "<group>"; };
		85B2BC3F1EA48D7B00C0941B /* Assets.xcassets */ = {isa = PBXFileReference; lastKnownFileType = folder.assetcatalog; path = Assets.xcassets; sourceTree = "<group>"; };
		85B2BC421EA48D7B00C0941B /* Base */ = {isa = PBXFileReference; lastKnownFileType = file.storyboard; name = Base; path = Base.lproj/LaunchScreen.storyboard; sourceTree = "<group>"; };
		85B2BC441EA48D7B00C0941B /* Info.plist */ = {isa = PBXFileReference; lastKnownFileType = text.plist.xml; path = Info.plist; sourceTree = "<group>"; };
		85B2BC491EA48D7B00C0941B /* TodayNewsTests.xctest */ = {isa = PBXFileReference; explicitFileType = wrapper.cfbundle; includeInIndex = 0; path = TodayNewsTests.xctest; sourceTree = BUILT_PRODUCTS_DIR; };
		85B2BC4D1EA48D7B00C0941B /* TodayNewsTests.swift */ = {isa = PBXFileReference; lastKnownFileType = sourcecode.swift; path = TodayNewsTests.swift; sourceTree = "<group>"; };
		85B2BC4F1EA48D7B00C0941B /* Info.plist */ = {isa = PBXFileReference; lastKnownFileType = text.plist.xml; path = Info.plist; sourceTree = "<group>"; };
		85B2BC541EA48D7B00C0941B /* TodayNewsUITests.xctest */ = {isa = PBXFileReference; explicitFileType = wrapper.cfbundle; includeInIndex = 0; path = TodayNewsUITests.xctest; sourceTree = BUILT_PRODUCTS_DIR; };
		85B2BC581EA48D7B00C0941B /* TodayNewsUITests.swift */ = {isa = PBXFileReference; lastKnownFileType = sourcecode.swift; path = TodayNewsUITests.swift; sourceTree = "<group>"; };
		85B2BC5A1EA48D7B00C0941B /* Info.plist */ = {isa = PBXFileReference; lastKnownFileType = text.plist.xml; path = Info.plist; sourceTree = "<group>"; };
/* End PBXFileReference section */

/* Begin PBXFrameworksBuildPhase section */
		85B2BC321EA48D7B00C0941B /* Frameworks */ = {
			isa = PBXFrameworksBuildPhase;
			buildActionMask = 2147483647;
			files = (
			);
			runOnlyForDeploymentPostprocessing = 0;
		};
		85B2BC461EA48D7B00C0941B /* Frameworks */ = {
			isa = PBXFrameworksBuildPhase;
			buildActionMask = 2147483647;
			files = (
			);
			runOnlyForDeploymentPostprocessing = 0;
		};
		85B2BC511EA48D7B00C0941B /* Frameworks */ = {
			isa = PBXFrameworksBuildPhase;
			buildActionMask = 2147483647;
			files = (
			);
			runOnlyForDeploymentPostprocessing = 0;
		};
/* End PBXFrameworksBuildPhase section */

/* Begin PBXGroup section */
		85B2BC2C1EA48D7B00C0941B = {
			isa = PBXGroup;
			children = (
				85B2BC371EA48D7B00C0941B /* TodayNews */,
				85B2BC4C1EA48D7B00C0941B /* TodayNewsTests */,
				85B2BC571EA48D7B00C0941B /* TodayNewsUITests */,
				85B2BC361EA48D7B00C0941B /* Products */,
			);
			sourceTree = "<group>";
		};
		85B2BC361EA48D7B00C0941B /* Products */ = {
			isa = PBXGroup;
			children = (
				85B2BC351EA48D7B00C0941B /* TodayNews.app */,
				85B2BC491EA48D7B00C0941B /* TodayNewsTests.xctest */,
				85B2BC541EA48D7B00C0941B /* TodayNewsUITests.xctest */,
			);
			name = Products;
			sourceTree = "<group>";
		};
		85B2BC371EA48D7B00C0941B /* TodayNews */ = {
			isa = PBXGroup;
			children = (
				85B2BC381EA48D7B00C0941B /* AppDelegate.swift */,
				85B2BC3A1EA48D7B00C0941B /* ViewController.swift */,
				85B2BC3C1EA48D7B00C0941B /* Main.storyboard */,
				85B2BC3F1EA48D7B00C0941B /* Assets.xcassets */,
				85B2BC411EA48D7B00C0941B /* LaunchScreen.storyboard */,
				85B2BC441EA48D7B00C0941B /* Info.plist */,
			);
			path = TodayNews;
			sourceTree = "<group>";
		};
		85B2BC4C1EA48D7B00C0941B /* TodayNewsTests */ = {
			isa = PBXGroup;
			children = (
				85B2BC4D1EA48D7B00C0941B /* TodayNewsTests.swift */,
				85B2BC4F1EA48D7B00C0941B /* Info.plist */,
			);
			path = TodayNewsTests;
			sourceTree = "<group>";
		};
		85B2BC571EA48D7B00C0941B /* TodayNewsUITests */ = {
			isa = PBXGroup;
			children = (
				85B2BC581EA48D7B00C0941B /* TodayNewsUITests.swift */,
				85B2BC5A1EA48D7B00C0941B /* Info.plist */,
			);
			path = TodayNewsUITests;
			sourceTree = "<group>";
		};
/* End PBXGroup section */

/* Begin PBXNativeTarget section */
		85B2BC341EA48D7B00C0941B /* TodayNews */ = {
			isa = PBXNativeTarget;
			buildConfigurationList = 85B2BC5D1EA48D7B00C0941B /* Build configuration list for PBXNativeTarget "TodayNews" */;
			buildPhases = (
				85B2BC311EA48D7B00C0941B /* Sources */,
				85B2BC321EA48D7B00C0941B /* Frameworks */,
				85B2BC331EA48D7B00C0941B /* Resources */,
			);
			buildRules = (
			);
			dependencies = (
			);
			name = TodayNews;
			productName = TodayNews;
			productReference = 85B2BC351EA48D7B00C0941B /* TodayNews.app */;
			productType = "com.apple.product-type.application";
		};
		85B2BC481EA48D7B00C0941B /* TodayNewsTests */ = {
			isa = PBXNativeTarget;
			buildConfigurationList = 85B2BC601EA48D7B00C0941B /* Build configuration list for PBXNativeTarget "TodayNewsTests" */;
			buildPhases = (
				85B2BC451EA48D7B00C0941B /* Sources */,
				85B2BC461EA48D7B00C0941B /* Frameworks */,
				85B2BC471EA48D7B00C0941B /* Resources */,
			);
			buildRules = (
			);
			dependencies = (
				85B2BC4B1EA48D7B00C0941B /* PBXTargetDependency */,
			);
			name = TodayNewsTests;
			productName = TodayNewsTests;
			productReference = 85B2BC491EA48D7B00C0941B /* TodayNewsTests.xctest */;
			productType = "com.apple.product-type.bundle.unit-test";
		};
		85B2BC531EA48D7B00C0941B /* TodayNewsUITests */ = {
			isa = PBXNativeTarget;
			buildConfigurationList = 85B2BC631EA48D7B00C0941B /* Build configuration list for PBXNativeTarget "TodayNewsUITests" */;
			buildPhases = (
				85B2BC501EA48D7B00C0941B /* Sources */,
				85B2BC511EA48D7B00C0941B /* Frameworks */,
				85B2BC521EA48D7B00C0941B /* Resources */,
			);
			buildRules = (
			);
			dependencies = (
				85B2BC561EA48D7B00C0941B /* PBXTargetDependency */,
			);
			name = TodayNewsUITests;
			productName = TodayNewsUITests;
			productReference = 85B2BC541EA48D7B00C0941B /* TodayNewsUITests.xctest */;
			productType = "com.apple.product-type.bundle.ui-testing";
		};
/* End PBXNativeTarget section */

/* Begin PBXProject section */
		85B2BC2D1EA48D7B00C0941B /* Project object */ = {
			isa = PBXProject;
			attributes = {
				LastSwiftUpdateCheck = 0830;
				LastUpgradeCheck = 0830;
				ORGANIZATIONNAME = cyt;
				TargetAttributes = {
					85B2BC341EA48D7B00C0941B = {
						CreatedOnToolsVersion = 8.3.1;
						ProvisioningStyle = Automatic;
					};
					85B2BC481EA48D7B00C0941B = {
						CreatedOnToolsVersion = 8.3.1;
						ProvisioningStyle = Automatic;
						TestTargetID = 85B2BC341EA48D7B00C0941B;
					};
					85B2BC531EA48D7B00C0941B = {
						CreatedOnToolsVersion = 8.3.1;
						ProvisioningStyle = Automatic;
						TestTargetID = 85B2BC341EA48D7B00C0941B;
					};
				};
			};
			buildConfigurationList = 85B2BC301EA48D7B00C0941B /* Build configuration list for PBXProject "TodayNews" */;
			compatibilityVersion = "Xcode 3.2";
			developmentRegion = English;
			hasScannedForEncodings = 0;
			knownRegions = (
				en,
				Base,
			);
			mainGroup = 85B2BC2C1EA48D7B00C0941B;
			productRefGroup = 85B2BC361EA48D7B00C0941B /* Products */;
			projectDirPath = "";
			projectRoot = "";
			targets = (
				85B2BC341EA48D7B00C0941B /* TodayNews */,
				85B2BC481EA48D7B00C0941B /* TodayNewsTests */,
				85B2BC531EA48D7B00C0941B /* TodayNewsUITests */,
			);
		};
/* End PBXProject section */

/* Begin PBXResourcesBuildPhase section */
		85B2BC331EA48D7B00C0941B /* Resources */ = {
			isa = PBXResourcesBuildPhase;
			buildActionMask = 2147483647;
			files = (
				85B2BC431EA48D7B00C0941B /* LaunchScreen.storyboard in Resources */,
				85B2BC401EA48D7B00C0941B /* Assets.xcassets in Resources */,
				85B2BC3E1EA48D7B00C0941B /* Main.storyboard in Resources */,
			);
			runOnlyForDeploymentPostprocessing = 0;
		};
		85B2BC471EA48D7B00C0941B /* Resources */ = {
			isa = PBXResourcesBuildPhase;
			buildActionMask = 2147483647;
			files = (
			);
			runOnlyForDeploymentPostprocessing = 0;
		};
		85B2BC521EA48D7B00C0941B /* Resources */ = {
			isa = PBXResourcesBuildPhase;
			buildActionMask = 2147483647;
			files = (
			);
			runOnlyForDeploymentPostprocessing = 0;
		};
/* End PBXResourcesBuildPhase section */

/* Begin PBXSourcesBuildPhase section */
		85B2BC311EA48D7B00C0941B /* Sources */ = {
			isa = PBXSourcesBuildPhase;
			buildActionMask = 2147483647;
			files = (
				85B2BC3B1EA48D7B00C0941B /* ViewController.swift in Sources */,
				85B2BC391EA48D7B00C0941B /* AppDelegate.swift in Sources */,
			);
			runOnlyForDeploymentPostprocessing = 0;
		};
		85B2BC451EA48D7B00C0941B /* Sources */ = {
			isa = PBXSourcesBuildPhase;
			buildActionMask = 2147483647;
			files = (
				85B2BC4E1EA48D7B00C0941B /* TodayNewsTests.swift in Sources */,
			);
			runOnlyForDeploymentPostprocessing = 0;
		};
		85B2BC501EA48D7B00C0941B /* Sources */ = {
			isa = PBXSourcesBuildPhase;
			buildActionMask = 2147483647;
			files = (
				85B2BC591EA48D7B00C0941B /* TodayNewsUITests.swift in Sources */,
			);
			runOnlyForDeploymentPostprocessing = 0;
		};
/* End PBXSourcesBuildPhase section */

/* Begin PBXTargetDependency section */
		85B2BC4B1EA48D7B00C0941B /* PBXTargetDependency */ = {
			isa = PBXTargetDependency;
			target = 85B2BC341EA48D7B00C0941B /* TodayNews */;
			targetProxy = 85B2BC4A1EA48D7B00C0941B /* PBXContainerItemProxy */;
		};
		85B2BC561EA48D7B00C0941B /* PBXTargetDependency */ = {
			isa = PBXTargetDependency;
			target = 85B2BC341EA48D7B00C0941B /* TodayNews */;
			targetProxy = 85B2BC551EA48D7B00C0941B /* PBXContainerItemProxy */;
		};
/* End PBXTargetDependency section */

/* Begin PBXVariantGroup section */
		85B2BC3C1EA48D7B00C0941B /* Main.storyboard */ = {
			isa = PBXVariantGroup;
			children = (
				85B2BC3D1EA48D7B00C0941B /* Base */,
			);
			name = Main.storyboard;
			sourceTree = "<group>";
		};
		85B2BC411EA48D7B00C0941B /* LaunchScreen.storyboard */ = {
			isa = PBXVariantGroup;
			children = (
				85B2BC421EA48D7B00C0941B /* Base */,
			);
			name = LaunchScreen.storyboard;
			sourceTree = "<group>";
		};
/* End PBXVariantGroup section */

/* Begin XCBuildConfiguration section */
		85B2BC5B1EA48D7B00C0941B /* Debug */ = {
			isa = XCBuildConfiguration;
			buildSettings = {
				ALWAYS_SEARCH_USER_PATHS = NO;
				CLANG_ANALYZER_NONNULL = YES;
				CLANG_ANALYZER_NUMBER_OBJECT_CONVERSION = YES_AGGRESSIVE;
				CLANG_CXX_LANGUAGE_STANDARD = "gnu++0x";
				CLANG_CXX_LIBRARY = "libc++";
				CLANG_ENABLE_MODULES = YES;
				CLANG_ENABLE_OBJC_ARC = YES;
				CLANG_WARN_BOOL_CONVERSION = YES;
				CLANG_WARN_CONSTANT_CONVERSION = YES;
				CLANG_WARN_DIRECT_OBJC_ISA_USAGE = YES_ERROR;
				CLANG_WARN_DOCUMENTATION_COMMENTS = YES;
				CLANG_WARN_EMPTY_BODY = YES;
				CLANG_WARN_ENUM_CONVERSION = YES;
				CLANG_WARN_INFINITE_RECURSION = YES;
				CLANG_WARN_INT_CONVERSION = YES;
				CLANG_WARN_OBJC_ROOT_CLASS = YES_ERROR;
				CLANG_WARN_SUSPICIOUS_MOVE = YES;
				CLANG_WARN_UNREACHABLE_CODE = YES;
				CLANG_WARN__DUPLICATE_METHOD_MATCH = YES;
				"CODE_SIGN_IDENTITY[sdk=iphoneos*]" = "iPhone Developer";
				COPY_PHASE_STRIP = NO;
				DEBUG_INFORMATION_FORMAT = dwarf;
				ENABLE_STRICT_OBJC_MSGSEND = YES;
				ENABLE_TESTABILITY = YES;
				GCC_C_LANGUAGE_STANDARD = gnu99;
				GCC_DYNAMIC_NO_PIC = NO;
				GCC_NO_COMMON_BLOCKS = YES;
				GCC_OPTIMIZATION_LEVEL = 0;
				GCC_PREPROCESSOR_DEFINITIONS = (
					"DEBUG=1",
					"$(inherited)",
				);
				GCC_WARN_64_TO_32_BIT_CONVERSION = YES;
				GCC_WARN_ABOUT_RETURN_TYPE = YES_ERROR;
				GCC_WARN_UNDECLARED_SELECTOR = YES;
				GCC_WARN_UNINITIALIZED_AUTOS = YES_AGGRESSIVE;
				GCC_WARN_UNUSED_FUNCTION = YES;
				GCC_WARN_UNUSED_VARIABLE = YES;
				IPHONEOS_DEPLOYMENT_TARGET = 10.3;
				MTL_ENABLE_DEBUG_INFO = YES;
				ONLY_ACTIVE_ARCH = YES;
				SDKROOT = iphoneos;
				SWIFT_ACTIVE_COMPILATION_CONDITIONS = DEBUG;
				SWIFT_OPTIMIZATION_LEVEL = "-Onone";
			};
			name = Debug;
		};
		85B2BC5C1EA48D7B00C0941B /* Release */ = {
			isa = XCBuildConfiguration;
			buildSettings = {
				ALWAYS_SEARCH_USER_PATHS = NO;
				CLANG_ANALYZER_NONNULL = YES;
				CLANG_ANALYZER_NUMBER_OBJECT_CONVERSION = YES_AGGRESSIVE;
				CLANG_CXX_LANGUAGE_STANDARD = "gnu++0x";
				CLANG_CXX_LIBRARY = "libc++";
				CLANG_ENABLE_MODULES = YES;
				CLANG_ENABLE_OBJC_ARC = YES;
				CLANG_WARN_BOOL_CONVERSION = YES;
				CLANG_WARN_CONSTANT_CONVERSION = YES;
				CLANG_WARN_DIRECT_OBJC_ISA_USAGE = YES_ERROR;
				CLANG_WARN_DOCUMENTATION_COMMENTS = YES;
				CLANG_WARN_EMPTY_BODY = YES;
				CLANG_WARN_ENUM_CONVERSION = YES;
				CLANG_WARN_INFINITE_RECURSION = YES;
				CLANG_WARN_INT_CONVERSION = YES;
				CLANG_WARN_OBJC_ROOT_CLASS = YES_ERROR;
				CLANG_WARN_SUSPICIOUS_MOVE = YES;
				CLANG_WARN_UNREACHABLE_CODE = YES;
				CLANG_WARN__DUPLICATE_METHOD_MATCH = YES;
				"CODE_SIGN_IDENTITY[sdk=iphoneos*]" = "iPhone Developer";
				COPY_PHASE_STRIP = NO;
				DEBUG_INFORMATION_FORMAT = "dwarf-with-dsym";
				ENABLE_NS_ASSERTIONS = NO;
				ENABLE_STRICT_OBJC_MSGSEND = YES;
				GCC_C_LANGUAGE_STANDARD = gnu99;
				GCC_NO_COMMON_BLOCKS = YES;
				GCC_WARN_64_TO_32_BIT_CONVERSION = YES;
				GCC_WARN_ABOUT_RETURN_TYPE = YES_ERROR;
				GCC_WARN_UNDECLARED_SELECTOR = YES;
				GCC_WARN_UNINITIALIZED_AUTOS = YES_AGGRESSIVE;
				GCC_WARN_UNUSED_FUNCTION = YES;
				GCC_WARN_UNUSED_VARIABLE = YES;
				IPHONEOS_DEPLOYMENT_TARGET = 10.3;
				MTL_ENABLE_DEBUG_INFO = NO;
				SDKROOT = iphoneos;
				SWIFT_OPTIMIZATION_LEVEL = "-Owholemodule";
				VALIDATE_PRODUCT = YES;
			};
			name = Release;
		};
		85B2BC5E1EA48D7B00C0941B /* Debug */ = {
			isa = XCBuildConfiguration;
			buildSettings = {
				ASSETCATALOG_COMPILER_APPICON_NAME = AppIcon;
				INFOPLIST_FILE = TodayNews/Info.plist;
				LD_RUNPATH_SEARCH_PATHS = "$(inherited) @executable_path/Frameworks";
				PRODUCT_BUNDLE_IDENTIFIER = com.youbo.TodayNews;
				PRODUCT_NAME = "$(TARGET_NAME)";
				SWIFT_VERSION = 3.0;
			};
			name = Debug;
		};
		85B2BC5F1EA48D7B00C0941B /* Release */ = {
			isa = XCBuildConfiguration;
			buildSettings = {
				ASSETCATALOG_COMPILER_APPICON_NAME = AppIcon;
				INFOPLIST_FILE = TodayNews/Info.plist;
				LD_RUNPATH_SEARCH_PATHS = "$(inherited) @executable_path/Frameworks";
				PRODUCT_BUNDLE_IDENTIFIER = com.youbo.TodayNews;
				PRODUCT_NAME = "$(TARGET_NAME)";
				SWIFT_VERSION = 3.0;
			};
			name = Release;
		};
		85B2BC611EA48D7B00C0941B /* Debug */ = {
			isa = XCBuildConfiguration;
			buildSettings = {
				ALWAYS_EMBED_SWIFT_STANDARD_LIBRARIES = YES;
				BUNDLE_LOADER = "$(TEST_HOST)";
				INFOPLIST_FILE = TodayNewsTests/Info.plist;
				LD_RUNPATH_SEARCH_PATHS = "$(inherited) @executable_path/Frameworks @loader_path/Frameworks";
				PRODUCT_BUNDLE_IDENTIFIER = com.youbo.TodayNewsTests;
				PRODUCT_NAME = "$(TARGET_NAME)";
				SWIFT_VERSION = 3.0;
				TEST_HOST = "$(BUILT_PRODUCTS_DIR)/TodayNews.app/TodayNews";
			};
			name = Debug;
		};
		85B2BC621EA48D7B00C0941B /* Release */ = {
			isa = XCBuildConfiguration;
			buildSettings = {
				ALWAYS_EMBED_SWIFT_STANDARD_LIBRARIES = YES;
				BUNDLE_LOADER = "$(TEST_HOST)";
				INFOPLIST_FILE = TodayNewsTests/Info.plist;
				LD_RUNPATH_SEARCH_PATHS = "$(inherited) @executable_path/Frameworks @loader_path/Frameworks";
				PRODUCT_BUNDLE_IDENTIFIER = com.youbo.TodayNewsTests;
				PRODUCT_NAME = "$(TARGET_NAME)";
				SWIFT_VERSION = 3.0;
				TEST_HOST = "$(BUILT_PRODUCTS_DIR)/TodayNews.app/TodayNews";
			};
			name = Release;
		};
		85B2BC641EA48D7B00C0941B /* Debug */ = {
			isa = XCBuildConfiguration;
			buildSettings = {
				ALWAYS_EMBED_SWIFT_STANDARD_LIBRARIES = YES;
				INFOPLIST_FILE = TodayNewsUITests/Info.plist;
				LD_RUNPATH_SEARCH_PATHS = "$(inherited) @executable_path/Frameworks @loader_path/Frameworks";
				PRODUCT_BUNDLE_IDENTIFIER = com.youbo.TodayNewsUITests;
				PRODUCT_NAME = "$(TARGET_NAME)";
				SWIFT_VERSION = 3.0;
				TEST_TARGET_NAME = TodayNews;
			};
			name = Debug;
		};
		85B2BC651EA48D7B00C0941B /* Release */ = {
			isa = XCBuildConfiguration;
			buildSettings = {
				ALWAYS_EMBED_SWIFT_STANDARD_LIBRARIES = YES;
				INFOPLIST_FILE = TodayNewsUITests/Info.plist;
				LD_RUNPATH_SEARCH_PATHS = "$(inherited) @executable_path/Frameworks @loader_path/Frameworks";
				PRODUCT_BUNDLE_IDENTIFIER = com.youbo.TodayNewsUITests;
				PRODUCT_NAME = "$(TARGET_NAME)";
				SWIFT_VERSION = 3.0;
				TEST_TARGET_NAME = TodayNews;
			};
			name = Release;
		};
/* End XCBuildConfiguration section */

/* Begin XCConfigurationList section */
		85B2BC301EA48D7B00C0941B /* Build configuration list for PBXProject "TodayNews" */ = {
			isa = XCConfigurationList;
			buildConfigurations = (
				85B2BC5B1EA48D7B00C0941B /* Debug */,
				85B2BC5C1EA48D7B00C0941B /* Release */,
			);
			defaultConfigurationIsVisible = 0;
			defaultConfigurationName = Release;
		};
		85B2BC5D1EA48D7B00C0941B /* Build configuration list for PBXNativeTarget "TodayNews" */ = {
			isa = XCConfigurationList;
			buildConfigurations = (
				85B2BC5E1EA48D7B00C0941B /* Debug */,
				85B2BC5F1EA48D7B00C0941B /* Release */,
			);
			defaultConfigurationIsVisible = 0;
		};
		85B2BC601EA48D7B00C0941B /* Build configuration list for PBXNativeTarget "TodayNewsTests" */ = {
			isa = XCConfigurationList;
			buildConfigurations = (
				85B2BC611EA48D7B00C0941B /* Debug */,
				85B2BC621EA48D7B00C0941B /* Release */,
			);
			defaultConfigurationIsVisible = 0;
		};
		85B2BC631EA48D7B00C0941B /* Build configuration list for PBXNativeTarget "TodayNewsUITests" */ = {
			isa = XCConfigurationList;
			buildConfigurations = (
				85B2BC641EA48D7B00C0941B /* Debug */,
				85B2BC651EA48D7B00C0941B /* Release */,
			);
			defaultConfigurationIsVisible = 0;
		};
/* End XCConfigurationList section */
	};
	rootObject = 85B2BC2D1EA48D7B00C0941B /* Project object */;
}
