// !$*UTF8*$!
{
	archiveVersion = 1;
	classes = {
	};
	objectVersion = 46;
	objects = {

/* Begin PBXBuildFile section */
		275A907F955D1D9D249A7091 /* Pods_TodayNews.framework in Frameworks */ = {isa = PBXBuildFile; fileRef = AB51EA620E4157F9719485B4 /* Pods_TodayNews.framework */; };
		853BE5D61EA48F8500D081EF /* TNNavigationController.swift in Sources */ = {isa = PBXBuildFile; fileRef = 853BE5D51EA48F8500D081EF /* TNNavigationController.swift */; };
		853BE5DD1EA4920900D081EF /* BaseTableViewController.swift in Sources */ = {isa = PBXBuildFile; fileRef = 853BE5DC1EA4920900D081EF /* BaseTableViewController.swift */; };
		853BE5DF1EA4922D00D081EF /* HomeViewController.swift in Sources */ = {isa = PBXBuildFile; fileRef = 853BE5DE1EA4922D00D081EF /* HomeViewController.swift */; };
		853BE5E11EA4923800D081EF /* FocusViewController.swift in Sources */ = {isa = PBXBuildFile; fileRef = 853BE5E01EA4923800D081EF /* FocusViewController.swift */; };
		853BE5E31EA4923F00D081EF /* MineViewController.swift in Sources */ = {isa = PBXBuildFile; fileRef = 853BE5E21EA4923F00D081EF /* MineViewController.swift */; };
		853BE5E51EA4924900D081EF /* VideoViewController.swift in Sources */ = {isa = PBXBuildFile; fileRef = 853BE5E41EA4924900D081EF /* VideoViewController.swift */; };
		853BE5E71EA4926D00D081EF /* TNTabBarController.swift in Sources */ = {isa = PBXBuildFile; fileRef = 853BE5E61EA4926D00D081EF /* TNTabBarController.swift */; };
		853BE5EA1EA4AF1700D081EF /* Marco.swift in Sources */ = {isa = PBXBuildFile; fileRef = 853BE5E91EA4AF1700D081EF /* Marco.swift */; };
		85916A6F1EA4BDE60043FE79 /* NetworkManager.swift in Sources */ = {isa = PBXBuildFile; fileRef = 85916A6E1EA4BDE60043FE79 /* NetworkManager.swift */; };
		85916F5A1EA84C170043FE79 /* BaseObject.swift in Sources */ = {isa = PBXBuildFile; fileRef = 85916F591EA84C170043FE79 /* BaseObject.swift */; };
		85916F5C1EA84C2A0043FE79 /* BaseModel.swift in Sources */ = {isa = PBXBuildFile; fileRef = 85916F5B1EA84C2A0043FE79 /* BaseModel.swift */; };
		85916F5E1EA84C570043FE79 /* HomeNewsModel.swift in Sources */ = {isa = PBXBuildFile; fileRef = 85916F5D1EA84C570043FE79 /* HomeNewsModel.swift */; };
		85916F611EA86BA10043FE79 /* BaseView.swift in Sources */ = {isa = PBXBuildFile; fileRef = 85916F601EA86BA10043FE79 /* BaseView.swift */; };
		85916F631EA86BAF0043FE79 /* BaseTableViewCell.swift in Sources */ = {isa = PBXBuildFile; fileRef = 85916F621EA86BAE0043FE79 /* BaseTableViewCell.swift */; };
		85916F671EA86D290043FE79 /* HomePureTextCell.swift in Sources */ = {isa = PBXBuildFile; fileRef = 85916F661EA86D290043FE79 /* HomePureTextCell.swift */; };
		85916F691EA86D4B0043FE79 /* HomeADPicCell.swift in Sources */ = {isa = PBXBuildFile; fileRef = 85916F681EA86D4B0043FE79 /* HomeADPicCell.swift */; };
		85916F6C1EA9C9CE0043FE79 /* HomePicsCell.swift in Sources */ = {isa = PBXBuildFile; fileRef = 85916F6B1EA9C9CE0043FE79 /* HomePicsCell.swift */; };
		85916F6E1EA9D8490043FE79 /* HomeCategraiesModel.swift in Sources */ = {isa = PBXBuildFile; fileRef = 85916F6D1EA9D8490043FE79 /* HomeCategraiesModel.swift */; };
		85B2BC391EA48D7B00C0941B /* AppDelegate.swift in Sources */ = {isa = PBXBuildFile; fileRef = 85B2BC381EA48D7B00C0941B /* AppDelegate.swift */; };
		85B2BC401EA48D7B00C0941B /* Assets.xcassets in Resources */ = {isa = PBXBuildFile; fileRef = 85B2BC3F1EA48D7B00C0941B /* Assets.xcassets */; };
		85B2BC431EA48D7B00C0941B /* LaunchScreen.storyboard in Resources */ = {isa = PBXBuildFile; fileRef = 85B2BC411EA48D7B00C0941B /* LaunchScreen.storyboard */; };
		85B2BC4E1EA48D7B00C0941B /* TodayNewsTests.swift in Sources */ = {isa = PBXBuildFile; fileRef = 85B2BC4D1EA48D7B00C0941B /* TodayNewsTests.swift */; };
		85B2BC591EA48D7B00C0941B /* TodayNewsUITests.swift in Sources */ = {isa = PBXBuildFile; fileRef = 85B2BC581EA48D7B00C0941B /* TodayNewsUITests.swift */; };
		85B2BC6C1EA48DD200C0941B /* BaseViewController.swift in Sources */ = {isa = PBXBuildFile; fileRef = 85B2BC6B1EA48DD200C0941B /* BaseViewController.swift */; };
/* End PBXBuildFile section */

/* Begin PBXContainerItemProxy section */
		85B2BC4A1EA48D7B00C0941B /* PBXContainerItemProxy */ = {
			isa = PBXContainerItemProxy;
			containerPortal = 85B2BC2D1EA48D7B00C0941B /* Project object */;
			proxyType = 1;
			remoteGlobalIDString = 85B2BC341EA48D7B00C0941B;
			remoteInfo = TodayNews;
		};
		85B2BC551EA48D7B00C0941B /* PBXContainerItemProxy */ = {
			isa = PBXContainerItemProxy;
			containerPortal = 85B2BC2D1EA48D7B00C0941B /* Project object */;
			proxyType = 1;
			remoteGlobalIDString = 85B2BC341EA48D7B00C0941B;
			remoteInfo = TodayNews;
		};
/* End PBXContainerItemProxy section */

/* Begin PBXFileReference section */
		853BE5D51EA48F8500D081EF /* TNNavigationController.swift */ = {isa = PBXFileReference; fileEncoding = 4; lastKnownFileType = sourcecode.swift; path = TNNavigationController.swift; sourceTree = "<group>"; };
		853BE5DC1EA4920900D081EF /* BaseTableViewController.swift */ = {isa = PBXFileReference; fileEncoding = 4; lastKnownFileType = sourcecode.swift; path = BaseTableViewController.swift; sourceTree = "<group>"; };
		853BE5DE1EA4922D00D081EF /* HomeViewController.swift */ = {isa = PBXFileReference; fileEncoding = 4; lastKnownFileType = sourcecode.swift; path = HomeViewController.swift; sourceTree = "<group>"; };
		853BE5E01EA4923800D081EF /* FocusViewController.swift */ = {isa = PBXFileReference; fileEncoding = 4; lastKnownFileType = sourcecode.swift; path = FocusViewController.swift; sourceTree = "<group>"; };
		853BE5E21EA4923F00D081EF /* MineViewController.swift */ = {isa = PBXFileReference; fileEncoding = 4; lastKnownFileType = sourcecode.swift; path = MineViewController.swift; sourceTree = "<group>"; };
		853BE5E41EA4924900D081EF /* VideoViewController.swift */ = {isa = PBXFileReference; fileEncoding = 4; lastKnownFileType = sourcecode.swift; path = VideoViewController.swift; sourceTree = "<group>"; };
		853BE5E61EA4926D00D081EF /* TNTabBarController.swift */ = {isa = PBXFileReference; fileEncoding = 4; lastKnownFileType = sourcecode.swift; path = TNTabBarController.swift; sourceTree = "<group>"; };
		853BE5E91EA4AF1700D081EF /* Marco.swift */ = {isa = PBXFileReference; fileEncoding = 4; lastKnownFileType = sourcecode.swift; path = Marco.swift; sourceTree = "<group>"; };
		85916A6E1EA4BDE60043FE79 /* NetworkManager.swift */ = {isa = PBXFileReference; fileEncoding = 4; lastKnownFileType = sourcecode.swift; path = NetworkManager.swift; sourceTree = "<group>"; };
		85916F591EA84C170043FE79 /* BaseObject.swift */ = {isa = PBXFileReference; fileEncoding = 4; lastKnownFileType = sourcecode.swift; path = BaseObject.swift; sourceTree = "<group>"; };
		85916F5B1EA84C2A0043FE79 /* BaseModel.swift */ = {isa = PBXFileReference; fileEncoding = 4; lastKnownFileType = sourcecode.swift; path = BaseModel.swift; sourceTree = "<group>"; };
		85916F5D1EA84C570043FE79 /* HomeNewsModel.swift */ = {isa = PBXFileReference; fileEncoding = 4; lastKnownFileType = sourcecode.swift; path = HomeNewsModel.swift; sourceTree = "<group>"; };
		85916F601EA86BA10043FE79 /* BaseView.swift */ = {isa = PBXFileReference; fileEncoding = 4; lastKnownFileType = sourcecode.swift; path = BaseView.swift; sourceTree = "<group>"; };
		85916F621EA86BAE0043FE79 /* BaseTableViewCell.swift */ = {isa = PBXFileReference; fileEncoding = 4; lastKnownFileType = sourcecode.swift; path = BaseTableViewCell.swift; sourceTree = "<group>"; };
		85916F661EA86D290043FE79 /* HomePureTextCell.swift */ = {isa = PBXFileReference; fileEncoding = 4; lastKnownFileType = sourcecode.swift; path = HomePureTextCell.swift; sourceTree = "<group>"; };
		85916F681EA86D4B0043FE79 /* HomeADPicCell.swift */ = {isa = PBXFileReference; fileEncoding = 4; lastKnownFileType = sourcecode.swift; path = HomeADPicCell.swift; sourceTree = "<group>"; };
		85916F6B1EA9C9CE0043FE79 /* HomePicsCell.swift */ = {isa = PBXFileReference; fileEncoding = 4; lastKnownFileType = sourcecode.swift; path = HomePicsCell.swift; sourceTree = "<group>"; };
		85916F6D1EA9D8490043FE79 /* HomeCategraiesModel.swift */ = {isa = PBXFileReference; fileEncoding = 4; lastKnownFileType = sourcecode.swift; path = HomeCategraiesModel.swift; sourceTree = "<group>"; };
		85B2BC351EA48D7B00C0941B /* TodayNews.app */ = {isa = PBXFileReference; explicitFileType = wrapper.application; includeInIndex = 0; path = TodayNews.app; sourceTree = BUILT_PRODUCTS_DIR; };
		85B2BC381EA48D7B00C0941B /* AppDelegate.swift */ = {isa = PBXFileReference; lastKnownFileType = sourcecode.swift; path = AppDelegate.swift; sourceTree = "<group>"; };
		85B2BC3F1EA48D7B00C0941B /* Assets.xcassets */ = {isa = PBXFileReference; lastKnownFileType = folder.assetcatalog; path = Assets.xcassets; sourceTree = "<group>"; };
		85B2BC421EA48D7B00C0941B /* Base */ = {isa = PBXFileReference; lastKnownFileType = file.storyboard; name = Base; path = Base.lproj/LaunchScreen.storyboard; sourceTree = "<group>"; };
		85B2BC441EA48D7B00C0941B /* Info.plist */ = {isa = PBXFileReference; lastKnownFileType = text.plist.xml; path = Info.plist; sourceTree = "<group>"; };
		85B2BC491EA48D7B00C0941B /* TodayNewsTests.xctest */ = {isa = PBXFileReference; explicitFileType = wrapper.cfbundle; includeInIndex = 0; path = TodayNewsTests.xctest; sourceTree = BUILT_PRODUCTS_DIR; };
		85B2BC4D1EA48D7B00C0941B /* TodayNewsTests.swift */ = {isa = PBXFileReference; lastKnownFileType = sourcecode.swift; path = TodayNewsTests.swift; sourceTree = "<group>"; };
		85B2BC4F1EA48D7B00C0941B /* Info.plist */ = {isa = PBXFileReference; lastKnownFileType = text.plist.xml; path = Info.plist; sourceTree = "<group>"; };
		85B2BC541EA48D7B00C0941B /* TodayNewsUITests.xctest */ = {isa = PBXFileReference; explicitFileType = wrapper.cfbundle; includeInIndex = 0; path = TodayNewsUITests.xctest; sourceTree = BUILT_PRODUCTS_DIR; };
		85B2BC581EA48D7B00C0941B /* TodayNewsUITests.swift */ = {isa = PBXFileReference; lastKnownFileType = sourcecode.swift; path = TodayNewsUITests.swift; sourceTree = "<group>"; };
		85B2BC5A1EA48D7B00C0941B /* Info.plist */ = {isa = PBXFileReference; lastKnownFileType = text.plist.xml; path = Info.plist; sourceTree = "<group>"; };
		85B2BC6B1EA48DD200C0941B /* BaseViewController.swift */ = {isa = PBXFileReference; fileEncoding = 4; lastKnownFileType = sourcecode.swift; path = BaseViewController.swift; sourceTree = "<group>"; };
		9722F4E6550C5E3BC83D5583 /* Pods-TodayNews.release.xcconfig */ = {isa = PBXFileReference; includeInIndex = 1; lastKnownFileType = text.xcconfig; name = "Pods-TodayNews.release.xcconfig"; path = "Pods/Target Support Files/Pods-TodayNews/Pods-TodayNews.release.xcconfig"; sourceTree = "<group>"; };
		AB51EA620E4157F9719485B4 /* Pods_TodayNews.framework */ = {isa = PBXFileReference; explicitFileType = wrapper.framework; includeInIndex = 0; path = Pods_TodayNews.framework; sourceTree = BUILT_PRODUCTS_DIR; };
		BD99B8DDC9B3DC3C52A6AE73 /* Pods-TodayNews.debug.xcconfig */ = {isa = PBXFileReference; includeInIndex = 1; lastKnownFileType = text.xcconfig; name = "Pods-TodayNews.debug.xcconfig"; path = "Pods/Target Support Files/Pods-TodayNews/Pods-TodayNews.debug.xcconfig"; sourceTree = "<group>"; };
/* End PBXFileReference section */

/* Begin PBXFrameworksBuildPhase section */
		85B2BC321EA48D7B00C0941B /* Frameworks */ = {
			isa = PBXFrameworksBuildPhase;
			buildActionMask = 2147483647;
			files = (
				275A907F955D1D9D249A7091 /* Pods_TodayNews.framework in Frameworks */,
			);
			runOnlyForDeploymentPostprocessing = 0;
		};
		85B2BC461EA48D7B00C0941B /* Frameworks */ = {
			isa = PBXFrameworksBuildPhase;
			buildActionMask = 2147483647;
			files = (
			);
			runOnlyForDeploymentPostprocessing = 0;
		};
		85B2BC511EA48D7B00C0941B /* Frameworks */ = {
			isa = PBXFrameworksBuildPhase;
			buildActionMask = 2147483647;
			files = (
			);
			runOnlyForDeploymentPostprocessing = 0;
		};
/* End PBXFrameworksBuildPhase section */

/* Begin PBXGroup section */
		5684AF8CBA45A365366A84CC /* Frameworks */ = {
			isa = PBXGroup;
			children = (
				AB51EA620E4157F9719485B4 /* Pods_TodayNews.framework */,
			);
			name = Frameworks;
			sourceTree = "<group>";
		};
		7EC82FE30E05EB1D6AC9B72D /* Pods */ = {
			isa = PBXGroup;
			children = (
				BD99B8DDC9B3DC3C52A6AE73 /* Pods-TodayNews.debug.xcconfig */,
				9722F4E6550C5E3BC83D5583 /* Pods-TodayNews.release.xcconfig */,
			);
			name = Pods;
			sourceTree = "<group>";
		};
		853BE5D71EA48FA000D081EF /* Sections */ = {
			isa = PBXGroup;
			children = (
				85916F581EA84BF00043FE79 /* Models */,
				853BE5D91EA491EF00D081EF /* HomeSection */,
				853BE5D81EA491EF00D081EF /* FocusSection */,
				853BE5DA1EA491EF00D081EF /* MineSection */,
				853BE5DB1EA491EF00D081EF /* VideoSection  */,
			);
			path = Sections;
			sourceTree = "<group>";
		};
		853BE5D81EA491EF00D081EF /* FocusSection */ = {
			isa = PBXGroup;
			children = (
				853BE5E01EA4923800D081EF /* FocusViewController.swift */,
			);
			path = FocusSection;
			sourceTree = "<group>";
		};
		853BE5D91EA491EF00D081EF /* HomeSection */ = {
			isa = PBXGroup;
			children = (
				853BE5DE1EA4922D00D081EF /* HomeViewController.swift */,
				85916F5F1EA86B810043FE79 /* Views */,
			);
			path = HomeSection;
			sourceTree = "<group>";
		};
		853BE5DA1EA491EF00D081EF /* MineSection */ = {
			isa = PBXGroup;
			children = (
				853BE5E21EA4923F00D081EF /* MineViewController.swift */,
			);
			path = MineSection;
			sourceTree = "<group>";
		};
		853BE5DB1EA491EF00D081EF /* VideoSection  */ = {
			isa = PBXGroup;
			children = (
				853BE5E41EA4924900D081EF /* VideoViewController.swift */,
			);
			path = "VideoSection ";
			sourceTree = "<group>";
		};
		853BE5E81EA4AF0C00D081EF /* Marco */ = {
			isa = PBXGroup;
			children = (
				853BE5E91EA4AF1700D081EF /* Marco.swift */,
			);
			name = Marco;
			path = Sections/Marco;
			sourceTree = "<group>";
		};
		85916F581EA84BF00043FE79 /* Models */ = {
			isa = PBXGroup;
			children = (
				85916F5D1EA84C570043FE79 /* HomeNewsModel.swift */,
				85916F6D1EA9D8490043FE79 /* HomeCategraiesModel.swift */,
			);
			path = Models;
			sourceTree = "<group>";
		};
		85916F5F1EA86B810043FE79 /* Views */ = {
			isa = PBXGroup;
			children = (
				85916F661EA86D290043FE79 /* HomePureTextCell.swift */,
				85916F681EA86D4B0043FE79 /* HomeADPicCell.swift */,
				85916F6B1EA9C9CE0043FE79 /* HomePicsCell.swift */,
			);
			path = Views;
			sourceTree = "<group>";
		};
		85B2BC2C1EA48D7B00C0941B = {
			isa = PBXGroup;
			children = (
				85B2BC371EA48D7B00C0941B /* TodayNews */,
				85B2BC4C1EA48D7B00C0941B /* TodayNewsTests */,
				85B2BC571EA48D7B00C0941B /* TodayNewsUITests */,
				85B2BC361EA48D7B00C0941B /* Products */,
				7EC82FE30E05EB1D6AC9B72D /* Pods */,
				5684AF8CBA45A365366A84CC /* Frameworks */,
			);
			sourceTree = "<group>";
		};
		85B2BC361EA48D7B00C0941B /* Products */ = {
			isa = PBXGroup;
			children = (
				85B2BC351EA48D7B00C0941B /* TodayNews.app */,
				85B2BC491EA48D7B00C0941B /* TodayNewsTests.xctest */,
				85B2BC541EA48D7B00C0941B /* TodayNewsUITests.xctest */,
			);
			name = Products;
			sourceTree = "<group>";
		};
		85B2BC371EA48D7B00C0941B /* TodayNews */ = {
			isa = PBXGroup;
			children = (
				85B2BC381EA48D7B00C0941B /* AppDelegate.swift */,
				85B2BC6D1EA48DE900C0941B /* System */,
				85B2BC661EA48DC500C0941B /* General */,
				853BE5D71EA48FA000D081EF /* Sections */,
				853BE5E81EA4AF0C00D081EF /* Marco */,
				85B2BC3F1EA48D7B00C0941B /* Assets.xcassets */,
				85B2BC411EA48D7B00C0941B /* LaunchScreen.storyboard */,
				85B2BC441EA48D7B00C0941B /* Info.plist */,
			);
			path = TodayNews;
			sourceTree = "<group>";
		};
		85B2BC4C1EA48D7B00C0941B /* TodayNewsTests */ = {
			isa = PBXGroup;
			children = (
				85B2BC4D1EA48D7B00C0941B /* TodayNewsTests.swift */,
				85B2BC4F1EA48D7B00C0941B /* Info.plist */,
			);
			path = TodayNewsTests;
			sourceTree = "<group>";
		};
		85B2BC571EA48D7B00C0941B /* TodayNewsUITests */ = {
			isa = PBXGroup;
			children = (
				85B2BC581EA48D7B00C0941B /* TodayNewsUITests.swift */,
				85B2BC5A1EA48D7B00C0941B /* Info.plist */,
			);
			path = TodayNewsUITests;
			sourceTree = "<group>";
		};
		85B2BC661EA48DC500C0941B /* General */ = {
			isa = PBXGroup;
			children = (
				85B2BC671EA48DC500C0941B /* Base */,
				85B2BC681EA48DC500C0941B /* Categraies */,
				85B2BC691EA48DC500C0941B /* Others */,
				85B2BC6A1EA48DC500C0941B /* Tools */,
			);
			path = General;
			sourceTree = "<group>";
		};
		85B2BC671EA48DC500C0941B /* Base */ = {
			isa = PBXGroup;
			children = (
				85B2BC6B1EA48DD200C0941B /* BaseViewController.swift */,
				853BE5DC1EA4920900D081EF /* BaseTableViewController.swift */,
				85916F591EA84C170043FE79 /* BaseObject.swift */,
				85916F5B1EA84C2A0043FE79 /* BaseModel.swift */,
				85916F601EA86BA10043FE79 /* BaseView.swift */,
				85916F621EA86BAE0043FE79 /* BaseTableViewCell.swift */,
			);
			path = Base;
			sourceTree = "<group>";
		};
		85B2BC681EA48DC500C0941B /* Categraies */ = {
			isa = PBXGroup;
			children = (
			);
			path = Categraies;
			sourceTree = "<group>";
		};
		85B2BC691EA48DC500C0941B /* Others */ = {
			isa = PBXGroup;
			children = (
			);
			path = Others;
			sourceTree = "<group>";
		};
		85B2BC6A1EA48DC500C0941B /* Tools */ = {
			isa = PBXGroup;
			children = (
				85916A6E1EA4BDE60043FE79 /* NetworkManager.swift */,
			);
			path = Tools;
			sourceTree = "<group>";
		};
		85B2BC6D1EA48DE900C0941B /* System */ = {
			isa = PBXGroup;
			children = (
				853BE5D51EA48F8500D081EF /* TNNavigationController.swift */,
				853BE5E61EA4926D00D081EF /* TNTabBarController.swift */,
			);
			path = System;
			sourceTree = "<group>";
		};
/* End PBXGroup section */

/* Begin PBXNativeTarget section */
		85B2BC341EA48D7B00C0941B /* TodayNews */ = {
			isa = PBXNativeTarget;
			buildConfigurationList = 85B2BC5D1EA48D7B00C0941B /* Build configuration list for PBXNativeTarget "TodayNews" */;
			buildPhases = (
				A71E138088C0C8333339CE5D /* [CP] Check Pods Manifest.lock */,
				85B2BC311EA48D7B00C0941B /* Sources */,
				85B2BC321EA48D7B00C0941B /* Frameworks */,
				85B2BC331EA48D7B00C0941B /* Resources */,
				B43D9DD8AB075B3704F7119D /* [CP] Embed Pods Frameworks */,
				F7A8DB99B7EA504187B3AC69 /* [CP] Copy Pods Resources */,
			);
			buildRules = (
			);
			dependencies = (
			);
			name = TodayNews;
			productName = TodayNews;
			productReference = 85B2BC351EA48D7B00C0941B /* TodayNews.app */;
			productType = "com.apple.product-type.application";
		};
		85B2BC481EA48D7B00C0941B /* TodayNewsTests */ = {
			isa = PBXNativeTarget;
			buildConfigurationList = 85B2BC601EA48D7B00C0941B /* Build configuration list for PBXNativeTarget "TodayNewsTests" */;
			buildPhases = (
				85B2BC451EA48D7B00C0941B /* Sources */,
				85B2BC461EA48D7B00C0941B /* Frameworks */,
				85B2BC471EA48D7B00C0941B /* Resources */,
			);
			buildRules = (
			);
			dependencies = (
				85B2BC4B1EA48D7B00C0941B /* PBXTargetDependency */,
			);
			name = TodayNewsTests;
			productName = TodayNewsTests;
			productReference = 85B2BC491EA48D7B00C0941B /* TodayNewsTests.xctest */;
			productType = "com.apple.product-type.bundle.unit-test";
		};
		85B2BC531EA48D7B00C0941B /* TodayNewsUITests */ = {
			isa = PBXNativeTarget;
			buildConfigurationList = 85B2BC631EA48D7B00C0941B /* Build configuration list for PBXNativeTarget "TodayNewsUITests" */;
			buildPhases = (
				85B2BC501EA48D7B00C0941B /* Sources */,
				85B2BC511EA48D7B00C0941B /* Frameworks */,
				85B2BC521EA48D7B00C0941B /* Resources */,
			);
			buildRules = (
			);
			dependencies = (
				85B2BC561EA48D7B00C0941B /* PBXTargetDependency */,
			);
			name = TodayNewsUITests;
			productName = TodayNewsUITests;
			productReference = 85B2BC541EA48D7B00C0941B /* TodayNewsUITests.xctest */;
			productType = "com.apple.product-type.bundle.ui-testing";
		};
/* End PBXNativeTarget section */

/* Begin PBXProject section */
		85B2BC2D1EA48D7B00C0941B /* Project object */ = {
			isa = PBXProject;
			attributes = {
				LastSwiftUpdateCheck = 0830;
				LastUpgradeCheck = 0830;
				ORGANIZATIONNAME = cyt;
				TargetAttributes = {
					85B2BC341EA48D7B00C0941B = {
						CreatedOnToolsVersion = 8.3.1;
						ProvisioningStyle = Automatic;
					};
					85B2BC481EA48D7B00C0941B = {
						CreatedOnToolsVersion = 8.3.1;
						ProvisioningStyle = Automatic;
						TestTargetID = 85B2BC341EA48D7B00C0941B;
					};
					85B2BC531EA48D7B00C0941B = {
						CreatedOnToolsVersion = 8.3.1;
						ProvisioningStyle = Automatic;
						TestTargetID = 85B2BC341EA48D7B00C0941B;
					};
				};
			};
			buildConfigurationList = 85B2BC301EA48D7B00C0941B /* Build configuration list for PBXProject "TodayNews" */;
			compatibilityVersion = "Xcode 3.2";
			developmentRegion = English;
			hasScannedForEncodings = 0;
			knownRegions = (
				en,
				Base,
			);
			mainGroup = 85B2BC2C1EA48D7B00C0941B;
			productRefGroup = 85B2BC361EA48D7B00C0941B /* Products */;
			projectDirPath = "";
			projectRoot = "";
			targets = (
				85B2BC341EA48D7B00C0941B /* TodayNews */,
				85B2BC481EA48D7B00C0941B /* TodayNewsTests */,
				85B2BC531EA48D7B00C0941B /* TodayNewsUITests */,
			);
		};
/* End PBXProject section */

/* Begin PBXResourcesBuildPhase section */
		85B2BC331EA48D7B00C0941B /* Resources */ = {
			isa = PBXResourcesBuildPhase;
			buildActionMask = 2147483647;
			files = (
				85B2BC431EA48D7B00C0941B /* LaunchScreen.storyboard in Resources */,
				85B2BC401EA48D7B00C0941B /* Assets.xcassets in Resources */,
			);
			runOnlyForDeploymentPostprocessing = 0;
		};
		85B2BC471EA48D7B00C0941B /* Resources */ = {
			isa = PBXResourcesBuildPhase;
			buildActionMask = 2147483647;
			files = (
			);
			runOnlyForDeploymentPostprocessing = 0;
		};
		85B2BC521EA48D7B00C0941B /* Resources */ = {
			isa = PBXResourcesBuildPhase;
			buildActionMask = 2147483647;
			files = (
			);
			runOnlyForDeploymentPostprocessing = 0;
		};
/* End PBXResourcesBuildPhase section */

/* Begin PBXShellScriptBuildPhase section */
		A71E138088C0C8333339CE5D /* [CP] Check Pods Manifest.lock */ = {
			isa = PBXShellScriptBuildPhase;
			buildActionMask = 2147483647;
			files = (
			);
			inputPaths = (
			);
			name = "[CP] Check Pods Manifest.lock";
			outputPaths = (
			);
			runOnlyForDeploymentPostprocessing = 0;
			shellPath = /bin/sh;
			shellScript = "diff \"${PODS_ROOT}/../Podfile.lock\" \"${PODS_ROOT}/Manifest.lock\" > /dev/null\nif [ $? != 0 ] ; then\n    # print error to STDERR\n    echo \"error: The sandbox is not in sync with the Podfile.lock. Run 'pod install' or update your CocoaPods installation.\" >&2\n    exit 1\nfi\n";
			showEnvVarsInLog = 0;
		};
		B43D9DD8AB075B3704F7119D /* [CP] Embed Pods Frameworks */ = {
			isa = PBXShellScriptBuildPhase;
			buildActionMask = 2147483647;
			files = (
			);
			inputPaths = (
			);
			name = "[CP] Embed Pods Frameworks";
			outputPaths = (
			);
			runOnlyForDeploymentPostprocessing = 0;
			shellPath = /bin/sh;
			shellScript = "\"${SRCROOT}/Pods/Target Support Files/Pods-TodayNews/Pods-TodayNews-frameworks.sh\"\n";
			showEnvVarsInLog = 0;
		};
		F7A8DB99B7EA504187B3AC69 /* [CP] Copy Pods Resources */ = {
			isa = PBXShellScriptBuildPhase;
			buildActionMask = 2147483647;
			files = (
			);
			inputPaths = (
			);
			name = "[CP] Copy Pods Resources";
			outputPaths = (
			);
			runOnlyForDeploymentPostprocessing = 0;
			shellPath = /bin/sh;
			shellScript = "\"${SRCROOT}/Pods/Target Support Files/Pods-TodayNews/Pods-TodayNews-resources.sh\"\n";
			showEnvVarsInLog = 0;
		};
/* End PBXShellScriptBuildPhase section */

/* Begin PBXSourcesBuildPhase section */
		85B2BC311EA48D7B00C0941B /* Sources */ = {
			isa = PBXSourcesBuildPhase;
			buildActionMask = 2147483647;
			files = (
				85916F631EA86BAF0043FE79 /* BaseTableViewCell.swift in Sources */,
				85B2BC391EA48D7B00C0941B /* AppDelegate.swift in Sources */,
				853BE5D61EA48F8500D081EF /* TNNavigationController.swift in Sources */,
				85916F6C1EA9C9CE0043FE79 /* HomePicsCell.swift in Sources */,
				85916F671EA86D290043FE79 /* HomePureTextCell.swift in Sources */,
				853BE5E51EA4924900D081EF /* VideoViewController.swift in Sources */,
				85916F691EA86D4B0043FE79 /* HomeADPicCell.swift in Sources */,
				85916F5C1EA84C2A0043FE79 /* BaseModel.swift in Sources */,
				853BE5DD1EA4920900D081EF /* BaseTableViewController.swift in Sources */,
				85916A6F1EA4BDE60043FE79 /* NetworkManager.swift in Sources */,
				85916F6E1EA9D8490043FE79 /* HomeCategraiesModel.swift in Sources */,
				85916F5A1EA84C170043FE79 /* BaseObject.swift in Sources */,
				85916F5E1EA84C570043FE79 /* HomeNewsModel.swift in Sources */,
				853BE5E31EA4923F00D081EF /* MineViewController.swift in Sources */,
				853BE5E11EA4923800D081EF /* FocusViewController.swift in Sources */,
				853BE5EA1EA4AF1700D081EF /* Marco.swift in Sources */,
				85B2BC6C1EA48DD200C0941B /* BaseViewController.swift in Sources */,
				85916F611EA86BA10043FE79 /* BaseView.swift in Sources */,
				853BE5DF1EA4922D00D081EF /* HomeViewController.swift in Sources */,
				853BE5E71EA4926D00D081EF /* TNTabBarController.swift in Sources */,
			);
			runOnlyForDeploymentPostprocessing = 0;
		};
		85B2BC451EA48D7B00C0941B /* Sources */ = {
			isa = PBXSourcesBuildPhase;
			buildActionMask = 2147483647;
			files = (
				85B2BC4E1EA48D7B00C0941B /* TodayNewsTests.swift in Sources */,
			);
			runOnlyForDeploymentPostprocessing = 0;
		};
		85B2BC501EA48D7B00C0941B /* Sources */ = {
			isa = PBXSourcesBuildPhase;
			buildActionMask = 2147483647;
			files = (
				85B2BC591EA48D7B00C0941B /* TodayNewsUITests.swift in Sources */,
			);
			runOnlyForDeploymentPostprocessing = 0;
		};
/* End PBXSourcesBuildPhase section */

/* Begin PBXTargetDependency section */
		85B2BC4B1EA48D7B00C0941B /* PBXTargetDependency */ = {
			isa = PBXTargetDependency;
			target = 85B2BC341EA48D7B00C0941B /* TodayNews */;
			targetProxy = 85B2BC4A1EA48D7B00C0941B /* PBXContainerItemProxy */;
		};
		85B2BC561EA48D7B00C0941B /* PBXTargetDependency */ = {
			isa = PBXTargetDependency;
			target = 85B2BC341EA48D7B00C0941B /* TodayNews */;
			targetProxy = 85B2BC551EA48D7B00C0941B /* PBXContainerItemProxy */;
		};
/* End PBXTargetDependency section */

/* Begin PBXVariantGroup section */
		85B2BC411EA48D7B00C0941B /* LaunchScreen.storyboard */ = {
			isa = PBXVariantGroup;
			children = (
				85B2BC421EA48D7B00C0941B /* Base */,
			);
			name = LaunchScreen.storyboard;
			sourceTree = "<group>";
		};
/* End PBXVariantGroup section */

/* Begin XCBuildConfiguration section */
		85B2BC5B1EA48D7B00C0941B /* Debug */ = {
			isa = XCBuildConfiguration;
			buildSettings = {
				ALWAYS_SEARCH_USER_PATHS = NO;
				CLANG_ANALYZER_NONNULL = YES;
				CLANG_ANALYZER_NUMBER_OBJECT_CONVERSION = YES_AGGRESSIVE;
				CLANG_CXX_LANGUAGE_STANDARD = "gnu++0x";
				CLANG_CXX_LIBRARY = "libc++";
				CLANG_ENABLE_MODULES = YES;
				CLANG_ENABLE_OBJC_ARC = YES;
				CLANG_WARN_BOOL_CONVERSION = YES;
				CLANG_WARN_CONSTANT_CONVERSION = YES;
				CLANG_WARN_DIRECT_OBJC_ISA_USAGE = YES_ERROR;
				CLANG_WARN_DOCUMENTATION_COMMENTS = YES;
				CLANG_WARN_EMPTY_BODY = YES;
				CLANG_WARN_ENUM_CONVERSION = YES;
				CLANG_WARN_INFINITE_RECURSION = YES;
				CLANG_WARN_INT_CONVERSION = YES;
				CLANG_WARN_OBJC_ROOT_CLASS = YES_ERROR;
				CLANG_WARN_SUSPICIOUS_MOVE = YES;
				CLANG_WARN_UNREACHABLE_CODE = YES;
				CLANG_WARN__DUPLICATE_METHOD_MATCH = YES;
				"CODE_SIGN_IDENTITY[sdk=iphoneos*]" = "iPhone Developer";
				COPY_PHASE_STRIP = NO;
				DEBUG_INFORMATION_FORMAT = dwarf;
				ENABLE_STRICT_OBJC_MSGSEND = YES;
				ENABLE_TESTABILITY = YES;
				GCC_C_LANGUAGE_STANDARD = gnu99;
				GCC_DYNAMIC_NO_PIC = NO;
				GCC_NO_COMMON_BLOCKS = YES;
				GCC_OPTIMIZATION_LEVEL = 0;
				GCC_PREPROCESSOR_DEFINITIONS = (
					"DEBUG=1",
					"$(inherited)",
				);
				GCC_WARN_64_TO_32_BIT_CONVERSION = YES;
				GCC_WARN_ABOUT_RETURN_TYPE = YES_ERROR;
				GCC_WARN_UNDECLARED_SELECTOR = YES;
				GCC_WARN_UNINITIALIZED_AUTOS = YES_AGGRESSIVE;
				GCC_WARN_UNUSED_FUNCTION = YES;
				GCC_WARN_UNUSED_VARIABLE = YES;
				IPHONEOS_DEPLOYMENT_TARGET = 10.3;
				MTL_ENABLE_DEBUG_INFO = YES;
				ONLY_ACTIVE_ARCH = YES;
				SDKROOT = iphoneos;
				SWIFT_ACTIVE_COMPILATION_CONDITIONS = DEBUG;
				SWIFT_OPTIMIZATION_LEVEL = "-Onone";
			};
			name = Debug;
		};
		85B2BC5C1EA48D7B00C0941B /* Release */ = {
			isa = XCBuildConfiguration;
			buildSettings = {
				ALWAYS_SEARCH_USER_PATHS = NO;
				CLANG_ANALYZER_NONNULL = YES;
				CLANG_ANALYZER_NUMBER_OBJECT_CONVERSION = YES_AGGRESSIVE;
				CLANG_CXX_LANGUAGE_STANDARD = "gnu++0x";
				CLANG_CXX_LIBRARY = "libc++";
				CLANG_ENABLE_MODULES = YES;
				CLANG_ENABLE_OBJC_ARC = YES;
				CLANG_WARN_BOOL_CONVERSION = YES;
				CLANG_WARN_CONSTANT_CONVERSION = YES;
				CLANG_WARN_DIRECT_OBJC_ISA_USAGE = YES_ERROR;
				CLANG_WARN_DOCUMENTATION_COMMENTS = YES;
				CLANG_WARN_EMPTY_BODY = YES;
				CLANG_WARN_ENUM_CONVERSION = YES;
				CLANG_WARN_INFINITE_RECURSION = YES;
				CLANG_WARN_INT_CONVERSION = YES;
				CLANG_WARN_OBJC_ROOT_CLASS = YES_ERROR;
				CLANG_WARN_SUSPICIOUS_MOVE = YES;
				CLANG_WARN_UNREACHABLE_CODE = YES;
				CLANG_WARN__DUPLICATE_METHOD_MATCH = YES;
				"CODE_SIGN_IDENTITY[sdk=iphoneos*]" = "iPhone Developer";
				COPY_PHASE_STRIP = NO;
				DEBUG_INFORMATION_FORMAT = "dwarf-with-dsym";
				ENABLE_NS_ASSERTIONS = NO;
				ENABLE_STRICT_OBJC_MSGSEND = YES;
				GCC_C_LANGUAGE_STANDARD = gnu99;
				GCC_NO_COMMON_BLOCKS = YES;
				GCC_WARN_64_TO_32_BIT_CONVERSION = YES;
				GCC_WARN_ABOUT_RETURN_TYPE = YES_ERROR;
				GCC_WARN_UNDECLARED_SELECTOR = YES;
				GCC_WARN_UNINITIALIZED_AUTOS = YES_AGGRESSIVE;
				GCC_WARN_UNUSED_FUNCTION = YES;
				GCC_WARN_UNUSED_VARIABLE = YES;
				IPHONEOS_DEPLOYMENT_TARGET = 10.3;
				MTL_ENABLE_DEBUG_INFO = NO;
				SDKROOT = iphoneos;
				SWIFT_OPTIMIZATION_LEVEL = "-Owholemodule";
				VALIDATE_PRODUCT = YES;
			};
			name = Release;
		};
		85B2BC5E1EA48D7B00C0941B /* Debug */ = {
			isa = XCBuildConfiguration;
			baseConfigurationReference = BD99B8DDC9B3DC3C52A6AE73 /* Pods-TodayNews.debug.xcconfig */;
			buildSettings = {
				ASSETCATALOG_COMPILER_APPICON_NAME = AppIcon;
				INFOPLIST_FILE = TodayNews/Info.plist;
				LD_RUNPATH_SEARCH_PATHS = "$(inherited) @executable_path/Frameworks";
				PRODUCT_BUNDLE_IDENTIFIER = com.youbo.TodayNews;
				PRODUCT_NAME = "$(TARGET_NAME)";
				SWIFT_VERSION = 3.0;
			};
			name = Debug;
		};
		85B2BC5F1EA48D7B00C0941B /* Release */ = {
			isa = XCBuildConfiguration;
			baseConfigurationReference = 9722F4E6550C5E3BC83D5583 /* Pods-TodayNews.release.xcconfig */;
			buildSettings = {
				ASSETCATALOG_COMPILER_APPICON_NAME = AppIcon;
				INFOPLIST_FILE = TodayNews/Info.plist;
				LD_RUNPATH_SEARCH_PATHS = "$(inherited) @executable_path/Frameworks";
				PRODUCT_BUNDLE_IDENTIFIER = com.youbo.TodayNews;
				PRODUCT_NAME = "$(TARGET_NAME)";
				SWIFT_VERSION = 3.0;
			};
			name = Release;
		};
		85B2BC611EA48D7B00C0941B /* Debug */ = {
			isa = XCBuildConfiguration;
			buildSettings = {
				ALWAYS_EMBED_SWIFT_STANDARD_LIBRARIES = YES;
				BUNDLE_LOADER = "$(TEST_HOST)";
				INFOPLIST_FILE = TodayNewsTests/Info.plist;
				LD_RUNPATH_SEARCH_PATHS = "$(inherited) @executable_path/Frameworks @loader_path/Frameworks";
				PRODUCT_BUNDLE_IDENTIFIER = com.youbo.TodayNewsTests;
				PRODUCT_NAME = "$(TARGET_NAME)";
				SWIFT_VERSION = 3.0;
				TEST_HOST = "$(BUILT_PRODUCTS_DIR)/TodayNews.app/TodayNews";
			};
			name = Debug;
		};
		85B2BC621EA48D7B00C0941B /* Release */ = {
			isa = XCBuildConfiguration;
			buildSettings = {
				ALWAYS_EMBED_SWIFT_STANDARD_LIBRARIES = YES;
				BUNDLE_LOADER = "$(TEST_HOST)";
				INFOPLIST_FILE = TodayNewsTests/Info.plist;
				LD_RUNPATH_SEARCH_PATHS = "$(inherited) @executable_path/Frameworks @loader_path/Frameworks";
				PRODUCT_BUNDLE_IDENTIFIER = com.youbo.TodayNewsTests;
				PRODUCT_NAME = "$(TARGET_NAME)";
				SWIFT_VERSION = 3.0;
				TEST_HOST = "$(BUILT_PRODUCTS_DIR)/TodayNews.app/TodayNews";
			};
			name = Release;
		};
		85B2BC641EA48D7B00C0941B /* Debug */ = {
			isa = XCBuildConfiguration;
			buildSettings = {
				ALWAYS_EMBED_SWIFT_STANDARD_LIBRARIES = YES;
				INFOPLIST_FILE = TodayNewsUITests/Info.plist;
				LD_RUNPATH_SEARCH_PATHS = "$(inherited) @executable_path/Frameworks @loader_path/Frameworks";
				PRODUCT_BUNDLE_IDENTIFIER = com.youbo.TodayNewsUITests;
				PRODUCT_NAME = "$(TARGET_NAME)";
				SWIFT_VERSION = 3.0;
				TEST_TARGET_NAME = TodayNews;
			};
			name = Debug;
		};
		85B2BC651EA48D7B00C0941B /* Release */ = {
			isa = XCBuildConfiguration;
			buildSettings = {
				ALWAYS_EMBED_SWIFT_STANDARD_LIBRARIES = YES;
				INFOPLIST_FILE = TodayNewsUITests/Info.plist;
				LD_RUNPATH_SEARCH_PATHS = "$(inherited) @executable_path/Frameworks @loader_path/Frameworks";
				PRODUCT_BUNDLE_IDENTIFIER = com.youbo.TodayNewsUITests;
				PRODUCT_NAME = "$(TARGET_NAME)";
				SWIFT_VERSION = 3.0;
				TEST_TARGET_NAME = TodayNews;
			};
			name = Release;
		};
/* End XCBuildConfiguration section */

/* Begin XCConfigurationList section */
		85B2BC301EA48D7B00C0941B /* Build configuration list for PBXProject "TodayNews" */ = {
			isa = XCConfigurationList;
			buildConfigurations = (
				85B2BC5B1EA48D7B00C0941B /* Debug */,
				85B2BC5C1EA48D7B00C0941B /* Release */,
			);
			defaultConfigurationIsVisible = 0;
			defaultConfigurationName = Release;
		};
		85B2BC5D1EA48D7B00C0941B /* Build configuration list for PBXNativeTarget "TodayNews" */ = {
			isa = XCConfigurationList;
			buildConfigurations = (
				85B2BC5E1EA48D7B00C0941B /* Debug */,
				85B2BC5F1EA48D7B00C0941B /* Release */,
			);
			defaultConfigurationIsVisible = 0;
			defaultConfigurationName = Release;
		};
		85B2BC601EA48D7B00C0941B /* Build configuration list for PBXNativeTarget "TodayNewsTests" */ = {
			isa = XCConfigurationList;
			buildConfigurations = (
				85B2BC611EA48D7B00C0941B /* Debug */,
				85B2BC621EA48D7B00C0941B /* Release */,
			);
			defaultConfigurationIsVisible = 0;
			defaultConfigurationName = Release;
		};
		85B2BC631EA48D7B00C0941B /* Build configuration list for PBXNativeTarget "TodayNewsUITests" */ = {
			isa = XCConfigurationList;
			buildConfigurations = (
				85B2BC641EA48D7B00C0941B /* Debug */,
				85B2BC651EA48D7B00C0941B /* Release */,
			);
			defaultConfigurationIsVisible = 0;
			defaultConfigurationName = Release;
		};
/* End XCConfigurationList section */
	};
	rootObject = 85B2BC2D1EA48D7B00C0941B /* Project object */;
}
